
Microsoft Visual Studio Solution File, Format Version 12.00
# Visual Studio 15
VisualStudioVersion = 15.0.28307.168
MinimumVisualStudioVersion = 10.0.40219.1
Project("{9A19103F-16F7-4668-BE54-9A1E7A4F7556}") = "LivingCarPark", "LivingCarPark\LivingCarPark.csproj", "{9A024BEF-0AED-4988-81E6-09BA30BEA838}"
EndProject
Project("{9A19103F-16F7-4668-BE54-9A1E7A4F7556}") = "CarParkLogic", "CarParkLogic\CarParkLogic.csproj", "{66A2F3FA-0754-49B0-B38C-43DCAE7CB902}"
EndProject
Project("{9A19103F-16F7-4668-BE54-9A1E7A4F7556}") = "ConsoleClient", "ConsoleClient\ConsoleClient.csproj", "{1DB85184-0EDD-4AB8-91BF-A6722878447F}"
EndProject
Project("{9A19103F-16F7-4668-BE54-9A1E7A4F7556}") = "WebApiModels", "ConsumingWebAPi\WebApiModels.csproj", "{88D1253F-17C7-4D52-A149-3E97FFD26A9D}"
EndProject
Project("{9A19103F-16F7-4668-BE54-9A1E7A4F7556}") = "CarParkApi", "CarParkApi\CarParkApi.csproj", "{EB8EAAAA-26B4-4E56-B675-E7B62B791D53}"
EndProject
Project("{9A19103F-16F7-4668-BE54-9A1E7A4F7556}") = "CoreApiClient", "CoreApiClient\CoreApiClient.csproj", "{0EA18EF8-7CE9-4E39-B4F4-1E0AD337B1BC}"
EndProject
Project("{9A19103F-16F7-4668-BE54-9A1E7A4F7556}") = "TextHelper", "TextHelper\TextHelper.csproj", "{73A4D133-C385-4959-AC12-807418CA32E0}"
EndProject
Project("{2150E333-8FDC-42A3-9474-1A3956D46DE8}") = "Old Carpark", "Old Carpark", "{B6E6A3CC-D4DC-47F1-AA2C-0882E8A72CA8}"
EndProject
Global
	GlobalSection(SolutionConfigurationPlatforms) = preSolution
		Debug|Any CPU = Debug|Any CPU
		Release|Any CPU = Release|Any CPU
	EndGlobalSection
	GlobalSection(ProjectConfigurationPlatforms) = postSolution
		{9A024BEF-0AED-4988-81E6-09BA30BEA838}.Debug|Any CPU.ActiveCfg = Debug|Any CPU
		{9A024BEF-0AED-4988-81E6-09BA30BEA838}.Debug|Any CPU.Build.0 = Debug|Any CPU
		{9A024BEF-0AED-4988-81E6-09BA30BEA838}.Release|Any CPU.ActiveCfg = Release|Any CPU
		{9A024BEF-0AED-4988-81E6-09BA30BEA838}.Release|Any CPU.Build.0 = Release|Any CPU
		{66A2F3FA-0754-49B0-B38C-43DCAE7CB902}.Debug|Any CPU.ActiveCfg = Debug|Any CPU
		{66A2F3FA-0754-49B0-B38C-43DCAE7CB902}.Debug|Any CPU.Build.0 = Debug|Any CPU
		{66A2F3FA-0754-49B0-B38C-43DCAE7CB902}.Release|Any CPU.ActiveCfg = Release|Any CPU
		{66A2F3FA-0754-49B0-B38C-43DCAE7CB902}.Release|Any CPU.Build.0 = Release|Any CPU
		{1DB85184-0EDD-4AB8-91BF-A6722878447F}.Debug|Any CPU.ActiveCfg = Debug|Any CPU
		{1DB85184-0EDD-4AB8-91BF-A6722878447F}.Debug|Any CPU.Build.0 = Debug|Any CPU
		{1DB85184-0EDD-4AB8-91BF-A6722878447F}.Release|Any CPU.ActiveCfg = Release|Any CPU
		{1DB85184-0EDD-4AB8-91BF-A6722878447F}.Release|Any CPU.Build.0 = Release|Any CPU
		{88D1253F-17C7-4D52-A149-3E97FFD26A9D}.Debug|Any CPU.ActiveCfg = Debug|Any CPU
		{88D1253F-17C7-4D52-A149-3E97FFD26A9D}.Debug|Any CPU.Build.0 = Debug|Any CPU
		{88D1253F-17C7-4D52-A149-3E97FFD26A9D}.Release|Any CPU.ActiveCfg = Release|Any CPU
		{88D1253F-17C7-4D52-A149-3E97FFD26A9D}.Release|Any CPU.Build.0 = Release|Any CPU
		{EB8EAAAA-26B4-4E56-B675-E7B62B791D53}.Debug|Any CPU.ActiveCfg = Debug|Any CPU
		{EB8EAAAA-26B4-4E56-B675-E7B62B791D53}.Debug|Any CPU.Build.0 = Debug|Any CPU
		{EB8EAAAA-26B4-4E56-B675-E7B62B791D53}.Release|Any CPU.ActiveCfg = Release|Any CPU
		{EB8EAAAA-26B4-4E56-B675-E7B62B791D53}.Release|Any CPU.Build.0 = Release|Any CPU
		{0EA18EF8-7CE9-4E39-B4F4-1E0AD337B1BC}.Debug|Any CPU.ActiveCfg = Debug|Any CPU
		{0EA18EF8-7CE9-4E39-B4F4-1E0AD337B1BC}.Debug|Any CPU.Build.0 = Debug|Any CPU
		{0EA18EF8-7CE9-4E39-B4F4-1E0AD337B1BC}.Release|Any CPU.ActiveCfg = Release|Any CPU
		{0EA18EF8-7CE9-4E39-B4F4-1E0AD337B1BC}.Release|Any CPU.Build.0 = Release|Any CPU
		{73A4D133-C385-4959-AC12-807418CA32E0}.Debug|Any CPU.ActiveCfg = Debug|Any CPU
		{73A4D133-C385-4959-AC12-807418CA32E0}.Debug|Any CPU.Build.0 = Debug|Any CPU
		{73A4D133-C385-4959-AC12-807418CA32E0}.Release|Any CPU.ActiveCfg = Release|Any CPU
		{73A4D133-C385-4959-AC12-807418CA32E0}.Release|Any CPU.Build.0 = Release|Any CPU
	EndGlobalSection
	GlobalSection(SolutionProperties) = preSolution
		HideSolutionNode = FALSE
	EndGlobalSection
	GlobalSection(NestedProjects) = preSolution
		{9A024BEF-0AED-4988-81E6-09BA30BEA838} = {B6E6A3CC-D4DC-47F1-AA2C-0882E8A72CA8}
		{66A2F3FA-0754-49B0-B38C-43DCAE7CB902} = {B6E6A3CC-D4DC-47F1-AA2C-0882E8A72CA8}
		{1DB85184-0EDD-4AB8-91BF-A6722878447F} = {B6E6A3CC-D4DC-47F1-AA2C-0882E8A72CA8}
		{88D1253F-17C7-4D52-A149-3E97FFD26A9D} = {B6E6A3CC-D4DC-47F1-AA2C-0882E8A72CA8}
		{EB8EAAAA-26B4-4E56-B675-E7B62B791D53} = {B6E6A3CC-D4DC-47F1-AA2C-0882E8A72CA8}
		{0EA18EF8-7CE9-4E39-B4F4-1E0AD337B1BC} = {B6E6A3CC-D4DC-47F1-AA2C-0882E8A72CA8}
		{73A4D133-C385-4959-AC12-807418CA32E0} = {B6E6A3CC-D4DC-47F1-AA2C-0882E8A72CA8}
	EndGlobalSection
	GlobalSection(ExtensibilityGlobals) = postSolution
		SolutionGuid = {4D5D9ED9-BFD4-4436-B5C1-FACFCC807CAB}
	EndGlobalSection
EndGlobal
